// !$*UTF8*$!
{
	archiveVersion = 1;
	classes = {
	};
	objectVersion = 50;
	objects = {

/* Begin PBXBuildFile section */
		5DD0F660549FB1D882BF5A10 /* Pods_SixthSense.framework in Frameworks */ = {isa = PBXBuildFile; fileRef = A312CB87AAAEBCD6B128F05F /* Pods_SixthSense.framework */; };
		FBDA64F32132CA010086C09E /* AppDelegate.swift in Sources */ = {isa = PBXBuildFile; fileRef = FBDA64F22132CA010086C09E /* AppDelegate.swift */; };
		FBDA64F52132CA010086C09E /* ViewController.swift in Sources */ = {isa = PBXBuildFile; fileRef = FBDA64F42132CA010086C09E /* ViewController.swift */; };
		FBDA64F82132CA010086C09E /* Main.storyboard in Resources */ = {isa = PBXBuildFile; fileRef = FBDA64F62132CA010086C09E /* Main.storyboard */; };
		FBDA64FA2132CA020086C09E /* Assets.xcassets in Resources */ = {isa = PBXBuildFile; fileRef = FBDA64F92132CA020086C09E /* Assets.xcassets */; };
		FBDA650E2132CB130086C09E /* CVPixelBuffer+Helpers.swift in Sources */ = {isa = PBXBuildFile; fileRef = FBDA65052132CB120086C09E /* CVPixelBuffer+Helpers.swift */; };
		FBDA650F2132CB130086C09E /* Launch in Resources */ = {isa = PBXBuildFile; fileRef = FBDA65062132CB130086C09E /* Launch */; };
		FBDA65102132CB130086C09E /* TinyYOLO.mlmodel in Sources */ = {isa = PBXBuildFile; fileRef = FBDA65072132CB130086C09E /* TinyYOLO.mlmodel */; };
		FBDA65112132CB130086C09E /* VideoCapture.swift in Sources */ = {isa = PBXBuildFile; fileRef = FBDA65082132CB130086C09E /* VideoCapture.swift */; };
		FBDA65122132CB130086C09E /* UIImage+CVPixelBuffer.swift in Sources */ = {isa = PBXBuildFile; fileRef = FBDA65092132CB130086C09E /* UIImage+CVPixelBuffer.swift */; };
		FBDA65132132CB130086C09E /* YOLO.swift in Sources */ = {isa = PBXBuildFile; fileRef = FBDA650A2132CB130086C09E /* YOLO.swift */; };
		FBDA65142132CB130086C09E /* Helpers.swift in Sources */ = {isa = PBXBuildFile; fileRef = FBDA650B2132CB130086C09E /* Helpers.swift */; };
		FBDA65152132CB130086C09E /* SixthSense.swift in Sources */ = {isa = PBXBuildFile; fileRef = FBDA650C2132CB130086C09E /* SixthSense.swift */; };
		FBDA65192132CCEC0086C09E /* BoundingBox.swift in Sources */ = {isa = PBXBuildFile; fileRef = FBDA65182132CCEC0086C09E /* BoundingBox.swift */; };
		FBDA651B2132CCFE0086C09E /* dog416.png in Resources */ = {isa = PBXBuildFile; fileRef = FBDA651A2132CCFE0086C09E /* dog416.png */; };
		FBDA651D2132CD390086C09E /* LaunchScreen.storyboard in Resources */ = {isa = PBXBuildFile; fileRef = FBDA651C2132CD390086C09E /* LaunchScreen.storyboard */; };
/* End PBXBuildFile section */

/* Begin PBXFileReference section */
		39A356A51A9605140C3CF6B5 /* Pods-SixthSense.debug.xcconfig */ = {isa = PBXFileReference; includeInIndex = 1; lastKnownFileType = text.xcconfig; name = "Pods-SixthSense.debug.xcconfig"; path = "Pods/Target Support Files/Pods-SixthSense/Pods-SixthSense.debug.xcconfig"; sourceTree = "<group>"; };
		7D5E48FEED8258CA38DC8175 /* Pods-SixthSense.release.xcconfig */ = {isa = PBXFileReference; includeInIndex = 1; lastKnownFileType = text.xcconfig; name = "Pods-SixthSense.release.xcconfig"; path = "Pods/Target Support Files/Pods-SixthSense/Pods-SixthSense.release.xcconfig"; sourceTree = "<group>"; };
		A312CB87AAAEBCD6B128F05F /* Pods_SixthSense.framework */ = {isa = PBXFileReference; explicitFileType = wrapper.framework; includeInIndex = 0; path = Pods_SixthSense.framework; sourceTree = BUILT_PRODUCTS_DIR; };
		FBDA64EF2132CA010086C09E /* SixthSense.app */ = {isa = PBXFileReference; explicitFileType = wrapper.application; includeInIndex = 0; path = SixthSense.app; sourceTree = BUILT_PRODUCTS_DIR; };
		FBDA64F22132CA010086C09E /* AppDelegate.swift */ = {isa = PBXFileReference; lastKnownFileType = sourcecode.swift; path = AppDelegate.swift; sourceTree = "<group>"; };
		FBDA64F42132CA010086C09E /* ViewController.swift */ = {isa = PBXFileReference; lastKnownFileType = sourcecode.swift; path = ViewController.swift; sourceTree = "<group>"; };
		FBDA64F72132CA010086C09E /* Base */ = {isa = PBXFileReference; lastKnownFileType = file.storyboard; name = Base; path = Base.lproj/Main.storyboard; sourceTree = "<group>"; };
		FBDA64F92132CA020086C09E /* Assets.xcassets */ = {isa = PBXFileReference; lastKnownFileType = folder.assetcatalog; path = Assets.xcassets; sourceTree = "<group>"; };
		FBDA64FE2132CA020086C09E /* Info.plist */ = {isa = PBXFileReference; lastKnownFileType = text.plist.xml; path = Info.plist; sourceTree = "<group>"; };
		FBDA65052132CB120086C09E /* CVPixelBuffer+Helpers.swift */ = {isa = PBXFileReference; fileEncoding = 4; lastKnownFileType = sourcecode.swift; path = "CVPixelBuffer+Helpers.swift"; sourceTree = "<group>"; };
		FBDA65062132CB130086C09E /* Launch */ = {isa = PBXFileReference; lastKnownFileType = folder; path = Launch; sourceTree = "<group>"; };
		FBDA65072132CB130086C09E /* TinyYOLO.mlmodel */ = {isa = PBXFileReference; lastKnownFileType = file.mlmodel; path = TinyYOLO.mlmodel; sourceTree = "<group>"; };
		FBDA65082132CB130086C09E /* VideoCapture.swift */ = {isa = PBXFileReference; fileEncoding = 4; lastKnownFileType = sourcecode.swift; path = VideoCapture.swift; sourceTree = "<group>"; };
		FBDA65092132CB130086C09E /* UIImage+CVPixelBuffer.swift */ = {isa = PBXFileReference; fileEncoding = 4; lastKnownFileType = sourcecode.swift; path = "UIImage+CVPixelBuffer.swift"; sourceTree = "<group>"; };
		FBDA650A2132CB130086C09E /* YOLO.swift */ = {isa = PBXFileReference; fileEncoding = 4; lastKnownFileType = sourcecode.swift; path = YOLO.swift; sourceTree = "<group>"; };
		FBDA650B2132CB130086C09E /* Helpers.swift */ = {isa = PBXFileReference; fileEncoding = 4; lastKnownFileType = sourcecode.swift; path = Helpers.swift; sourceTree = "<group>"; };
		FBDA650C2132CB130086C09E /* SixthSense.swift */ = {isa = PBXFileReference; fileEncoding = 4; lastKnownFileType = sourcecode.swift; path = SixthSense.swift; sourceTree = "<group>"; };
		FBDA65182132CCEC0086C09E /* BoundingBox.swift */ = {isa = PBXFileReference; fileEncoding = 4; lastKnownFileType = sourcecode.swift; path = BoundingBox.swift; sourceTree = "<group>"; };
		FBDA651A2132CCFE0086C09E /* dog416.png */ = {isa = PBXFileReference; lastKnownFileType = image.png; path = dog416.png; sourceTree = "<group>"; };
		FBDA651C2132CD390086C09E /* LaunchScreen.storyboard */ = {isa = PBXFileReference; fileEncoding = 4; lastKnownFileType = file.storyboard; path = LaunchScreen.storyboard; sourceTree = "<group>"; };
/* End PBXFileReference section */

/* Begin PBXFrameworksBuildPhase section */
		FBDA64EC2132CA010086C09E /* Frameworks */ = {
			isa = PBXFrameworksBuildPhase;
			buildActionMask = 2147483647;
			files = (
				5DD0F660549FB1D882BF5A10 /* Pods_SixthSense.framework in Frameworks */,
			);
			runOnlyForDeploymentPostprocessing = 0;
		};
/* End PBXFrameworksBuildPhase section */

/* Begin PBXGroup section */
		461328820A4A6CA84697A688 /* Pods */ = {
			isa = PBXGroup;
			children = (
				39A356A51A9605140C3CF6B5 /* Pods-SixthSense.debug.xcconfig */,
				7D5E48FEED8258CA38DC8175 /* Pods-SixthSense.release.xcconfig */,
			);
			name = Pods;
			sourceTree = "<group>";
		};
		819F3DD17978AD39F1B268E7 /* Frameworks */ = {
			isa = PBXGroup;
			children = (
				A312CB87AAAEBCD6B128F05F /* Pods_SixthSense.framework */,
			);
			name = Frameworks;
			sourceTree = "<group>";
		};
		FBDA64E62132CA010086C09E = {
			isa = PBXGroup;
			children = (
				FBDA64F12132CA010086C09E /* SixthSense */,
				FBDA64F02132CA010086C09E /* Products */,
				461328820A4A6CA84697A688 /* Pods */,
				819F3DD17978AD39F1B268E7 /* Frameworks */,
			);
			sourceTree = "<group>";
		};
		FBDA64F02132CA010086C09E /* Products */ = {
			isa = PBXGroup;
			children = (
				FBDA64EF2132CA010086C09E /* SixthSense.app */,
			);
			name = Products;
			sourceTree = "<group>";
		};
		FBDA64F12132CA010086C09E /* SixthSense */ = {
			isa = PBXGroup;
			children = (
				FBDA65062132CB130086C09E /* Launch */,
				FBDA650C2132CB130086C09E /* SixthSense.swift */,
				FBDA64F22132CA010086C09E /* AppDelegate.swift */,
				FBDA64F42132CA010086C09E /* ViewController.swift */,
				FBDA64F62132CA010086C09E /* Main.storyboard */,
				FBDA64F92132CA020086C09E /* Assets.xcassets */,
				FBDA651C2132CD390086C09E /* LaunchScreen.storyboard */,
				FBF4BFF02132D467002A6EAA /* YoloV3 */,
				FBDA64FE2132CA020086C09E /* Info.plist */,
			);
			path = SixthSense;
			sourceTree = "<group>";
		};
		FBF4BFF02132D467002A6EAA /* YoloV3 */ = {
			isa = PBXGroup;
			children = (
				FBDA651A2132CCFE0086C09E /* dog416.png */,
				FBDA65072132CB130086C09E /* TinyYOLO.mlmodel */,
				FBDA65092132CB130086C09E /* UIImage+CVPixelBuffer.swift */,
				FBDA65082132CB130086C09E /* VideoCapture.swift */,
				FBDA650A2132CB130086C09E /* YOLO.swift */,
				FBDA65182132CCEC0086C09E /* BoundingBox.swift */,
				FBDA65052132CB120086C09E /* CVPixelBuffer+Helpers.swift */,
				FBDA650B2132CB130086C09E /* Helpers.swift */,
			);
			path = YoloV3;
			sourceTree = "<group>";
		};
/* End PBXGroup section */

/* Begin PBXNativeTarget section */
		FBDA64EE2132CA010086C09E /* SixthSense */ = {
			isa = PBXNativeTarget;
			buildConfigurationList = FBDA65012132CA020086C09E /* Build configuration list for PBXNativeTarget "SixthSense" */;
			buildPhases = (
				84575A7AF7203042FC504D4E /* [CP] Check Pods Manifest.lock */,
				FBDA64EB2132CA010086C09E /* Sources */,
				FBDA64EC2132CA010086C09E /* Frameworks */,
				FBDA64ED2132CA010086C09E /* Resources */,
				7DF8E592CF601273B1F2CDA7 /* [CP] Embed Pods Frameworks */,
			);
			buildRules = (
			);
			dependencies = (
			);
			name = SixthSense;
			productName = SixthSense;
			productReference = FBDA64EF2132CA010086C09E /* SixthSense.app */;
			productType = "com.apple.product-type.application";
		};
/* End PBXNativeTarget section */

/* Begin PBXProject section */
		FBDA64E72132CA010086C09E /* Project object */ = {
			isa = PBXProject;
			attributes = {
				LastSwiftUpdateCheck = 0940;
				LastUpgradeCheck = 0940;
				ORGANIZATIONNAME = "Nafeh Shoaib";
				TargetAttributes = {
					FBDA64EE2132CA010086C09E = {
						CreatedOnToolsVersion = 9.4.1;
					};
				};
			};
			buildConfigurationList = FBDA64EA2132CA010086C09E /* Build configuration list for PBXProject "SixthSense" */;
			compatibilityVersion = "Xcode 9.3";
			developmentRegion = en;
			hasScannedForEncodings = 0;
			knownRegions = (
				en,
				Base,
			);
			mainGroup = FBDA64E62132CA010086C09E;
			productRefGroup = FBDA64F02132CA010086C09E /* Products */;
			projectDirPath = "";
			projectRoot = "";
			targets = (
				FBDA64EE2132CA010086C09E /* SixthSense */,
			);
		};
/* End PBXProject section */

/* Begin PBXResourcesBuildPhase section */
		FBDA64ED2132CA010086C09E /* Resources */ = {
			isa = PBXResourcesBuildPhase;
			buildActionMask = 2147483647;
			files = (
				FBDA651B2132CCFE0086C09E /* dog416.png in Resources */,
				FBDA650F2132CB130086C09E /* Launch in Resources */,
				FBDA64FA2132CA020086C09E /* Assets.xcassets in Resources */,
				FBDA64F82132CA010086C09E /* Main.storyboard in Resources */,
				FBDA651D2132CD390086C09E /* LaunchScreen.storyboard in Resources */,
			);
			runOnlyForDeploymentPostprocessing = 0;
		};
/* End PBXResourcesBuildPhase section */

/* Begin PBXShellScriptBuildPhase section */
		7DF8E592CF601273B1F2CDA7 /* [CP] Embed Pods Frameworks */ = {
			isa = PBXShellScriptBuildPhase;
			buildActionMask = 2147483647;
			files = (
			);
			inputPaths = (
				"${SRCROOT}/Pods/Target Support Files/Pods-SixthSense/Pods-SixthSense-frameworks.sh",
				"${BUILT_PRODUCTS_DIR}/Piano/Piano.framework",
			);
			name = "[CP] Embed Pods Frameworks";
			outputPaths = (
				"${TARGET_BUILD_DIR}/${FRAMEWORKS_FOLDER_PATH}/Piano.framework",
			);
			runOnlyForDeploymentPostprocessing = 0;
			shellPath = /bin/sh;
			shellScript = "\"${SRCROOT}/Pods/Target Support Files/Pods-SixthSense/Pods-SixthSense-frameworks.sh\"\n";
			showEnvVarsInLog = 0;
		};
		84575A7AF7203042FC504D4E /* [CP] Check Pods Manifest.lock */ = {
			isa = PBXShellScriptBuildPhase;
			buildActionMask = 2147483647;
			files = (
			);
			inputPaths = (
				"${PODS_PODFILE_DIR_PATH}/Podfile.lock",
				"${PODS_ROOT}/Manifest.lock",
			);
			name = "[CP] Check Pods Manifest.lock";
			outputPaths = (
				"$(DERIVED_FILE_DIR)/Pods-SixthSense-checkManifestLockResult.txt",
			);
			runOnlyForDeploymentPostprocessing = 0;
			shellPath = /bin/sh;
			shellScript = "diff \"${PODS_PODFILE_DIR_PATH}/Podfile.lock\" \"${PODS_ROOT}/Manifest.lock\" > /dev/null\nif [ $? != 0 ] ; then\n    # print error to STDERR\n    echo \"error: The sandbox is not in sync with the Podfile.lock. Run 'pod install' or update your CocoaPods installation.\" >&2\n    exit 1\nfi\n# This output is used by Xcode 'outputs' to avoid re-running this script phase.\necho \"SUCCESS\" > \"${SCRIPT_OUTPUT_FILE_0}\"\n";
			showEnvVarsInLog = 0;
		};
/* End PBXShellScriptBuildPhase section */

/* Begin PBXSourcesBuildPhase section */
		FBDA64EB2132CA010086C09E /* Sources */ = {
			isa = PBXSourcesBuildPhase;
			buildActionMask = 2147483647;
			files = (
				FBDA650E2132CB130086C09E /* CVPixelBuffer+Helpers.swift in Sources */,
				FBDA65122132CB130086C09E /* UIImage+CVPixelBuffer.swift in Sources */,
				FBDA65112132CB130086C09E /* VideoCapture.swift in Sources */,
				FBDA65142132CB130086C09E /* Helpers.swift in Sources */,
				FBDA64F52132CA010086C09E /* ViewController.swift in Sources */,
				FBDA65192132CCEC0086C09E /* BoundingBox.swift in Sources */,
				FBDA64F32132CA010086C09E /* AppDelegate.swift in Sources */,
				FBDA65132132CB130086C09E /* YOLO.swift in Sources */,
				FBDA65102132CB130086C09E /* TinyYOLO.mlmodel in Sources */,
				FBDA65152132CB130086C09E /* SixthSense.swift in Sources */,
			);
			runOnlyForDeploymentPostprocessing = 0;
		};
/* End PBXSourcesBuildPhase section */

/* Begin PBXVariantGroup section */
		FBDA64F62132CA010086C09E /* Main.storyboard */ = {
			isa = PBXVariantGroup;
			children = (
				FBDA64F72132CA010086C09E /* Base */,
			);
			name = Main.storyboard;
			sourceTree = "<group>";
		};
/* End PBXVariantGroup section */

/* Begin XCBuildConfiguration section */
		FBDA64FF2132CA020086C09E /* Debug */ = {
			isa = XCBuildConfiguration;
			buildSettings = {
				ALWAYS_SEARCH_USER_PATHS = NO;
				CLANG_ANALYZER_NONNULL = YES;
				CLANG_ANALYZER_NUMBER_OBJECT_CONVERSION = YES_AGGRESSIVE;
				CLANG_CXX_LANGUAGE_STANDARD = "gnu++14";
				CLANG_CXX_LIBRARY = "libc++";
				CLANG_ENABLE_MODULES = YES;
				CLANG_ENABLE_OBJC_ARC = YES;
				CLANG_ENABLE_OBJC_WEAK = YES;
				CLANG_WARN_BLOCK_CAPTURE_AUTORELEASING = YES;
				CLANG_WARN_BOOL_CONVERSION = YES;
				CLANG_WARN_COMMA = YES;
				CLANG_WARN_CONSTANT_CONVERSION = YES;
				CLANG_WARN_DEPRECATED_OBJC_IMPLEMENTATIONS = YES;
				CLANG_WARN_DIRECT_OBJC_ISA_USAGE = YES_ERROR;
				CLANG_WARN_DOCUMENTATION_COMMENTS = YES;
				CLANG_WARN_EMPTY_BODY = YES;
				CLANG_WARN_ENUM_CONVERSION = YES;
				CLANG_WARN_INFINITE_RECURSION = YES;
				CLANG_WARN_INT_CONVERSION = YES;
				CLANG_WARN_NON_LITERAL_NULL_CONVERSION = YES;
				CLANG_WARN_OBJC_IMPLICIT_RETAIN_SELF = YES;
				CLANG_WARN_OBJC_LITERAL_CONVERSION = YES;
				CLANG_WARN_OBJC_ROOT_CLASS = YES_ERROR;
				CLANG_WARN_RANGE_LOOP_ANALYSIS = YES;
				CLANG_WARN_STRICT_PROTOTYPES = YES;
				CLANG_WARN_SUSPICIOUS_MOVE = YES;
				CLANG_WARN_UNGUARDED_AVAILABILITY = YES_AGGRESSIVE;
				CLANG_WARN_UNREACHABLE_CODE = YES;
				CLANG_WARN__DUPLICATE_METHOD_MATCH = YES;
				CODE_SIGN_IDENTITY = "iPhone Developer";
				COPY_PHASE_STRIP = NO;
				DEBUG_INFORMATION_FORMAT = dwarf;
				ENABLE_STRICT_OBJC_MSGSEND = YES;
				ENABLE_TESTABILITY = YES;
				GCC_C_LANGUAGE_STANDARD = gnu11;
				GCC_DYNAMIC_NO_PIC = NO;
				GCC_NO_COMMON_BLOCKS = YES;
				GCC_OPTIMIZATION_LEVEL = 0;
				GCC_PREPROCESSOR_DEFINITIONS = (
					"DEBUG=1",
					"$(inherited)",
				);
				GCC_WARN_64_TO_32_BIT_CONVERSION = YES;
				GCC_WARN_ABOUT_RETURN_TYPE = YES_ERROR;
				GCC_WARN_UNDECLARED_SELECTOR = YES;
				GCC_WARN_UNINITIALIZED_AUTOS = YES_AGGRESSIVE;
				GCC_WARN_UNUSED_FUNCTION = YES;
				GCC_WARN_UNUSED_VARIABLE = YES;
				IPHONEOS_DEPLOYMENT_TARGET = 11.4;
				MTL_ENABLE_DEBUG_INFO = YES;
				ONLY_ACTIVE_ARCH = YES;
				SDKROOT = iphoneos;
				SWIFT_ACTIVE_COMPILATION_CONDITIONS = DEBUG;
				SWIFT_OPTIMIZATION_LEVEL = "-Onone";
			};
			name = Debug;
		};
		FBDA65002132CA020086C09E /* Release */ = {
			isa = XCBuildConfiguration;
			buildSettings = {
				ALWAYS_SEARCH_USER_PATHS = NO;
				CLANG_ANALYZER_NONNULL = YES;
				CLANG_ANALYZER_NUMBER_OBJECT_CONVERSION = YES_AGGRESSIVE;
				CLANG_CXX_LANGUAGE_STANDARD = "gnu++14";
				CLANG_CXX_LIBRARY = "libc++";
				CLANG_ENABLE_MODULES = YES;
				CLANG_ENABLE_OBJC_ARC = YES;
				CLANG_ENABLE_OBJC_WEAK = YES;
				CLANG_WARN_BLOCK_CAPTURE_AUTORELEASING = YES;
				CLANG_WARN_BOOL_CONVERSION = YES;
				CLANG_WARN_COMMA = YES;
				CLANG_WARN_CONSTANT_CONVERSION = YES;
				CLANG_WARN_DEPRECATED_OBJC_IMPLEMENTATIONS = YES;
				CLANG_WARN_DIRECT_OBJC_ISA_USAGE = YES_ERROR;
				CLANG_WARN_DOCUMENTATION_COMMENTS = YES;
				CLANG_WARN_EMPTY_BODY = YES;
				CLANG_WARN_ENUM_CONVERSION = YES;
				CLANG_WARN_INFINITE_RECURSION = YES;
				CLANG_WARN_INT_CONVERSION = YES;
				CLANG_WARN_NON_LITERAL_NULL_CONVERSION = YES;
				CLANG_WARN_OBJC_IMPLICIT_RETAIN_SELF = YES;
				CLANG_WARN_OBJC_LITERAL_CONVERSION = YES;
				CLANG_WARN_OBJC_ROOT_CLASS = YES_ERROR;
				CLANG_WARN_RANGE_LOOP_ANALYSIS = YES;
				CLANG_WARN_STRICT_PROTOTYPES = YES;
				CLANG_WARN_SUSPICIOUS_MOVE = YES;
				CLANG_WARN_UNGUARDED_AVAILABILITY = YES_AGGRESSIVE;
				CLANG_WARN_UNREACHABLE_CODE = YES;
				CLANG_WARN__DUPLICATE_METHOD_MATCH = YES;
				CODE_SIGN_IDENTITY = "iPhone Developer";
				COPY_PHASE_STRIP = NO;
				DEBUG_INFORMATION_FORMAT = "dwarf-with-dsym";
				ENABLE_NS_ASSERTIONS = NO;
				ENABLE_STRICT_OBJC_MSGSEND = YES;
				GCC_C_LANGUAGE_STANDARD = gnu11;
				GCC_NO_COMMON_BLOCKS = YES;
				GCC_WARN_64_TO_32_BIT_CONVERSION = YES;
				GCC_WARN_ABOUT_RETURN_TYPE = YES_ERROR;
				GCC_WARN_UNDECLARED_SELECTOR = YES;
				GCC_WARN_UNINITIALIZED_AUTOS = YES_AGGRESSIVE;
				GCC_WARN_UNUSED_FUNCTION = YES;
				GCC_WARN_UNUSED_VARIABLE = YES;
				IPHONEOS_DEPLOYMENT_TARGET = 11.4;
				MTL_ENABLE_DEBUG_INFO = NO;
				SDKROOT = iphoneos;
				SWIFT_COMPILATION_MODE = wholemodule;
				SWIFT_OPTIMIZATION_LEVEL = "-O";
				VALIDATE_PRODUCT = YES;
			};
			name = Release;
		};
		FBDA65022132CA020086C09E /* Debug */ = {
			isa = XCBuildConfiguration;
			baseConfigurationReference = 39A356A51A9605140C3CF6B5 /* Pods-SixthSense.debug.xcconfig */;
			buildSettings = {
				ASSETCATALOG_COMPILER_APPICON_NAME = AppIcon;
				ASSETCATALOG_COMPILER_LAUNCHIMAGE_NAME = LaunchImage;
				CODE_SIGN_STYLE = Automatic;
				DEVELOPMENT_TEAM = S4W4S3W3Y3;
				INFOPLIST_FILE = SixthSense/Info.plist;
				IPHONEOS_DEPLOYMENT_TARGET = 11.0;
				LD_RUNPATH_SEARCH_PATHS = (
					"$(inherited)",
					"@executable_path/Frameworks",
				);
				PRODUCT_BUNDLE_IDENTIFIER = com.nafehshoaib.SixthSense;
				PRODUCT_NAME = "$(TARGET_NAME)";
				SWIFT_VERSION = 4.0;
				TARGETED_DEVICE_FAMILY = "1,2";
			};
			name = Debug;
		};
		FBDA65032132CA020086C09E /* Release */ = {
			isa = XCBuildConfiguration;
			baseConfigurationReference = 7D5E48FEED8258CA38DC8175 /* Pods-SixthSense.release.xcconfig */;
			buildSettings = {
				ASSETCATALOG_COMPILER_APPICON_NAME = AppIcon;
				ASSETCATALOG_COMPILER_LAUNCHIMAGE_NAME = LaunchImage;
				CODE_SIGN_STYLE = Automatic;
				DEVELOPMENT_TEAM = S4W4S3W3Y3;
				INFOPLIST_FILE = SixthSense/Info.plist;
				IPHONEOS_DEPLOYMENT_TARGET = 11.0;
				LD_RUNPATH_SEARCH_PATHS = (
					"$(inherited)",
					"@executable_path/Frameworks",
				);
				PRODUCT_BUNDLE_IDENTIFIER = com.nafehshoaib.SixthSense;
				PRODUCT_NAME = "$(TARGET_NAME)";
				SWIFT_VERSION = 4.0;
				TARGETED_DEVICE_FAMILY = "1,2";
			};
			name = Release;
		};
/* End XCBuildConfiguration section */

/* Begin XCConfigurationList section */
		FBDA64EA2132CA010086C09E /* Build configuration list for PBXProject "SixthSense" */ = {
			isa = XCConfigurationList;
			buildConfigurations = (
				FBDA64FF2132CA020086C09E /* Debug */,
				FBDA65002132CA020086C09E /* Release */,
			);
			defaultConfigurationIsVisible = 0;
			defaultConfigurationName = Release;
		};
		FBDA65012132CA020086C09E /* Build configuration list for PBXNativeTarget "SixthSense" */ = {
			isa = XCConfigurationList;
			buildConfigurations = (
				FBDA65022132CA020086C09E /* Debug */,
				FBDA65032132CA020086C09E /* Release */,
			);
			defaultConfigurationIsVisible = 0;
			defaultConfigurationName = Release;
		};
/* End XCConfigurationList section */
	};
	rootObject = FBDA64E72132CA010086C09E /* Project object */;
}
